
Microsoft Visual Studio Solution File, Format Version 12.00
# Visual Studio Version 17
VisualStudioVersion = 17.6.33723.286
MinimumVisualStudioVersion = 10.0.40219.1
Project("{FAE04EC0-301F-11D3-BF4B-00C04F79EFBC}") = "test-mongodb", "test-mongodb.csproj", "{7D0081FD-6DB1-4774-8FFF-AE22A1FE25CF}"
EndProject
Global
	GlobalSection(SolutionConfigurationPlatforms) = preSolution
		Debug|Any CPU = Debug|Any CPU
		Release|Any CPU = Release|Any CPU
	EndGlobalSection
	GlobalSection(ProjectConfigurationPlatforms) = postSolution
		{7D0081FD-6DB1-4774-8FFF-AE22A1FE25CF}.Debug|Any CPU.ActiveCfg = Debug|Any CPU
		{7D0081FD-6DB1-4774-8FFF-AE22A1FE25CF}.Debug|Any CPU.Build.0 = Debug|Any CPU
		{7D0081FD-6DB1-4774-8FFF-AE22A1FE25CF}.Release|Any CPU.ActiveCfg = Release|Any CPU
		{7D0081FD-6DB1-4774-8FFF-AE22A1FE25CF}.Release|Any CPU.Build.0 = Release|Any CPU
	EndGlobalSection
	GlobalSection(SolutionProperties) = preSolution
		HideSolutionNode = FALSE
	EndGlobalSection
	GlobalSection(ExtensibilityGlobals) = postSolution
		SolutionGuid = {80DEE009-4A2D-4582-9748-16D317E8391E}
	EndGlobalSection
EndGlobal
